{
  "nodes": {
    "nixpkgs": {
      "locked": {
        "lastModified": 1596615455,
        "narHash": "sha256-qOp3QRL7dUbN+Kus7tReThC5ZuIqG9fy7/nkqlO78n8=",
        "owner": "NixOS",
        "repo": "nixpkgs",
        "rev": "8e2b14aceb1d40c7e8b84c03a7c78955359872bb",
        "type": "github"
      },
      "original": {
        "owner": "NixOS",
        "ref": "nixos-unstable",
        "repo": "nixpkgs",
        "type": "github"
      }
    },
    "root": {
      "inputs": {
        "nixpkgs": "nixpkgs",
        "utils": "utils"
      }
    },
    "utils": {
      "locked": {
        "lastModified": 1596290160,
        "narHash": "sha256-QNXPeCiLKfLH6G6TtyuxZ14Zm+ZMxBaQ0Klccq+2RfM=",
        "owner": "numtide",
        "repo": "flake-utils",
        "rev": "0c686c77c4ac6f7add3262107685693ada8ae3b0",
        "type": "github"
      },
      "original": {
        "owner": "numtide",
        "repo": "flake-utils",
        "type": "github"
      }
    }
  },
  "root": "root",
  "version": 7
}
